PODS:
  - MASFoundation (1.9.10)
  - MASUI (1.9.10):
    - MASFoundation (= 1.9.10)
  - SVProgressHUD (2.2.5)

DEPENDENCIES:
  - MASFoundation (~> 1.9)
  - MASUI (~> 1.9)
  - SVProgressHUD (~> 2.1)

SPEC REPOS:
  https://github.com/cocoapods/specs.git:
    - MASFoundation
    - MASUI
    - SVProgressHUD

SPEC CHECKSUMS:
  MASFoundation: 3f8354c19f67fea99c8b6d5f22892febaf224ad5
  MASUI: 286430a8d7ef6e3a9af6e87139bf0286ffe94ced
  SVProgressHUD: 1428aafac632c1f86f62aa4243ec12008d7a51d6

PODFILE CHECKSUM: 8a730039a3ed1b5d342433c933fc2bd95d5ba7f0

COCOAPODS: 1.5.3
